// !$*UTF8*$!
{
	archiveVersion = 1;
	classes = {
	};
	objectVersion = 46;
	objects = {

/* Begin PBXBuildFile section */
		23FF61151D1398F40082F425 /* main.m in Sources */ = {isa = PBXBuildFile; fileRef = 23FF61141D1398F40082F425 /* main.m */; };
		23FF61181D1398F40082F425 /* AppDelegate.m in Sources */ = {isa = PBXBuildFile; fileRef = 23FF61171D1398F40082F425 /* AppDelegate.m */; };
		23FF611E1D1398F40082F425 /* Main.storyboard in Resources */ = {isa = PBXBuildFile; fileRef = 23FF611C1D1398F40082F425 /* Main.storyboard */; };
		23FF61201D1398F40082F425 /* Assets.xcassets in Resources */ = {isa = PBXBuildFile; fileRef = 23FF611F1D1398F40082F425 /* Assets.xcassets */; };
		23FF61231D1398F40082F425 /* LaunchScreen.storyboard in Resources */ = {isa = PBXBuildFile; fileRef = 23FF61211D1398F40082F425 /* LaunchScreen.storyboard */; };
		23FF612E1D1398F40082F425 /* e_BanBaseTests.m in Sources */ = {isa = PBXBuildFile; fileRef = 23FF612D1D1398F40082F425 /* e_BanBaseTests.m */; };
		23FF61391D1398F40082F425 /* e_BanBaseUITests.m in Sources */ = {isa = PBXBuildFile; fileRef = 23FF61381D1398F40082F425 /* e_BanBaseUITests.m */; };
		23FF61471D13C2460082F425 /* SystemConfiguration.framework in Frameworks */ = {isa = PBXBuildFile; fileRef = 23FF61461D13C2460082F425 /* SystemConfiguration.framework */; };
		23FF61491D13C25A0082F425 /* ImageIO.framework in Frameworks */ = {isa = PBXBuildFile; fileRef = 23FF61481D13C25A0082F425 /* ImageIO.framework */; };
		23FF614B1D13C2AF0082F425 /* Security.framework in Frameworks */ = {isa = PBXBuildFile; fileRef = 23FF614A1D13C2AF0082F425 /* Security.framework */; };
		23FF614D1D13C2C30082F425 /* libiconv.tbd in Frameworks */ = {isa = PBXBuildFile; fileRef = 23FF614C1D13C2C30082F425 /* libiconv.tbd */; };
		23FF614F1D13C2D20082F425 /* CoreGraphics.framework in Frameworks */ = {isa = PBXBuildFile; fileRef = 23FF614E1D13C2D20082F425 /* CoreGraphics.framework */; };
		23FF61511D13C2DE0082F425 /* libsqlite3.tbd in Frameworks */ = {isa = PBXBuildFile; fileRef = 23FF61501D13C2DE0082F425 /* libsqlite3.tbd */; };
		23FF61531D13C2EA0082F425 /* CoreTelephony.framework in Frameworks */ = {isa = PBXBuildFile; fileRef = 23FF61521D13C2EA0082F425 /* CoreTelephony.framework */; };
		23FF61551D13C2FD0082F425 /* libstdc++.tbd in Frameworks */ = {isa = PBXBuildFile; fileRef = 23FF61541D13C2FD0082F425 /* libstdc++.tbd */; };
		23FF61571D13C3060082F425 /* libz.tbd in Frameworks */ = {isa = PBXBuildFile; fileRef = 23FF61561D13C3060082F425 /* libz.tbd */; };
		23FF615A1D13FAD20082F425 /* CMLogInViewController.m in Sources */ = {isa = PBXBuildFile; fileRef = 23FF61591D13FAD20082F425 /* CMLogInViewController.m */; };
		3CEDFD4434C28B8394E5D36E /* Pods_e_BanBaseUITests.framework in Frameworks */ = {isa = PBXBuildFile; fileRef = D3852A78FE120136CFE57CAB /* Pods_e_BanBaseUITests.framework */; };
		8DFC7F1ABE920F4BDAEE2AA5 /* Pods_e_BanBaseTests.framework in Frameworks */ = {isa = PBXBuildFile; fileRef = CF91350099AF9FA5F77A469C /* Pods_e_BanBaseTests.framework */; };
		91E5C08E00774FEFC96ABC66 /* Pods_e_BanBase.framework in Frameworks */ = {isa = PBXBuildFile; fileRef = C67F7CE0794903BA6BCF048E /* Pods_e_BanBase.framework */; };
/* End PBXBuildFile section */

/* Begin PBXContainerItemProxy section */
		23FF612A1D1398F40082F425 /* PBXContainerItemProxy */ = {
			isa = PBXContainerItemProxy;
			containerPortal = 23FF61081D1398F40082F425 /* Project object */;
			proxyType = 1;
			remoteGlobalIDString = 23FF610F1D1398F40082F425;
			remoteInfo = "e-BanBase";
		};
		23FF61351D1398F40082F425 /* PBXContainerItemProxy */ = {
			isa = PBXContainerItemProxy;
			containerPortal = 23FF61081D1398F40082F425 /* Project object */;
			proxyType = 1;
			remoteGlobalIDString = 23FF610F1D1398F40082F425;
			remoteInfo = "e-BanBase";
		};
/* End PBXContainerItemProxy section */

/* Begin PBXFileReference section */
		23FF61101D1398F40082F425 /* e-BanBase.app */ = {isa = PBXFileReference; explicitFileType = wrapper.application; includeInIndex = 0; path = "e-BanBase.app"; sourceTree = BUILT_PRODUCTS_DIR; };
		23FF61141D1398F40082F425 /* main.m */ = {isa = PBXFileReference; lastKnownFileType = sourcecode.c.objc; path = main.m; sourceTree = "<group>"; };
		23FF61161D1398F40082F425 /* AppDelegate.h */ = {isa = PBXFileReference; lastKnownFileType = sourcecode.c.h; path = AppDelegate.h; sourceTree = "<group>"; };
		23FF61171D1398F40082F425 /* AppDelegate.m */ = {isa = PBXFileReference; lastKnownFileType = sourcecode.c.objc; path = AppDelegate.m; sourceTree = "<group>"; };
		23FF611D1D1398F40082F425 /* Base */ = {isa = PBXFileReference; lastKnownFileType = file.storyboard; name = Base; path = Base.lproj/Main.storyboard; sourceTree = "<group>"; };
		23FF611F1D1398F40082F425 /* Assets.xcassets */ = {isa = PBXFileReference; lastKnownFileType = folder.assetcatalog; path = Assets.xcassets; sourceTree = "<group>"; };
		23FF61221D1398F40082F425 /* Base */ = {isa = PBXFileReference; lastKnownFileType = file.storyboard; name = Base; path = Base.lproj/LaunchScreen.storyboard; sourceTree = "<group>"; };
		23FF61241D1398F40082F425 /* Info.plist */ = {isa = PBXFileReference; lastKnownFileType = text.plist.xml; path = Info.plist; sourceTree = "<group>"; };
		23FF61291D1398F40082F425 /* e-BanBaseTests.xctest */ = {isa = PBXFileReference; explicitFileType = wrapper.cfbundle; includeInIndex = 0; path = "e-BanBaseTests.xctest"; sourceTree = BUILT_PRODUCTS_DIR; };
		23FF612D1D1398F40082F425 /* e_BanBaseTests.m */ = {isa = PBXFileReference; lastKnownFileType = sourcecode.c.objc; path = e_BanBaseTests.m; sourceTree = "<group>"; };
		23FF612F1D1398F40082F425 /* Info.plist */ = {isa = PBXFileReference; lastKnownFileType = text.plist.xml; path = Info.plist; sourceTree = "<group>"; };
		23FF61341D1398F40082F425 /* e-BanBaseUITests.xctest */ = {isa = PBXFileReference; explicitFileType = wrapper.cfbundle; includeInIndex = 0; path = "e-BanBaseUITests.xctest"; sourceTree = BUILT_PRODUCTS_DIR; };
		23FF61381D1398F40082F425 /* e_BanBaseUITests.m */ = {isa = PBXFileReference; lastKnownFileType = sourcecode.c.objc; path = e_BanBaseUITests.m; sourceTree = "<group>"; };
		23FF613A1D1398F40082F425 /* Info.plist */ = {isa = PBXFileReference; lastKnownFileType = text.plist.xml; path = Info.plist; sourceTree = "<group>"; };
		23FF61461D13C2460082F425 /* SystemConfiguration.framework */ = {isa = PBXFileReference; lastKnownFileType = wrapper.framework; name = SystemConfiguration.framework; path = System/Library/Frameworks/SystemConfiguration.framework; sourceTree = SDKROOT; };
		23FF61481D13C25A0082F425 /* ImageIO.framework */ = {isa = PBXFileReference; lastKnownFileType = wrapper.framework; name = ImageIO.framework; path = System/Library/Frameworks/ImageIO.framework; sourceTree = SDKROOT; };
		23FF614A1D13C2AF0082F425 /* Security.framework */ = {isa = PBXFileReference; lastKnownFileType = wrapper.framework; name = Security.framework; path = System/Library/Frameworks/Security.framework; sourceTree = SDKROOT; };
		23FF614C1D13C2C30082F425 /* libiconv.tbd */ = {isa = PBXFileReference; lastKnownFileType = "sourcecode.text-based-dylib-definition"; name = libiconv.tbd; path = usr/lib/libiconv.tbd; sourceTree = SDKROOT; };
		23FF614E1D13C2D20082F425 /* CoreGraphics.framework */ = {isa = PBXFileReference; lastKnownFileType = wrapper.framework; name = CoreGraphics.framework; path = System/Library/Frameworks/CoreGraphics.framework; sourceTree = SDKROOT; };
		23FF61501D13C2DE0082F425 /* libsqlite3.tbd */ = {isa = PBXFileReference; lastKnownFileType = "sourcecode.text-based-dylib-definition"; name = libsqlite3.tbd; path = usr/lib/libsqlite3.tbd; sourceTree = SDKROOT; };
		23FF61521D13C2EA0082F425 /* CoreTelephony.framework */ = {isa = PBXFileReference; lastKnownFileType = wrapper.framework; name = CoreTelephony.framework; path = System/Library/Frameworks/CoreTelephony.framework; sourceTree = SDKROOT; };
		23FF61541D13C2FD0082F425 /* libstdc++.tbd */ = {isa = PBXFileReference; lastKnownFileType = "sourcecode.text-based-dylib-definition"; name = "libstdc++.tbd"; path = "usr/lib/libstdc++.tbd"; sourceTree = SDKROOT; };
		23FF61561D13C3060082F425 /* libz.tbd */ = {isa = PBXFileReference; lastKnownFileType = "sourcecode.text-based-dylib-definition"; name = libz.tbd; path = usr/lib/libz.tbd; sourceTree = SDKROOT; };
		23FF61581D13FAD20082F425 /* CMLogInViewController.h */ = {isa = PBXFileReference; fileEncoding = 4; lastKnownFileType = sourcecode.c.h; path = CMLogInViewController.h; sourceTree = "<group>"; };
		23FF61591D13FAD20082F425 /* CMLogInViewController.m */ = {isa = PBXFileReference; fileEncoding = 4; lastKnownFileType = sourcecode.c.objc; path = CMLogInViewController.m; sourceTree = "<group>"; };
		23FF615B1D13FAF90082F425 /* Header.h */ = {isa = PBXFileReference; lastKnownFileType = sourcecode.c.h; path = Header.h; sourceTree = "<group>"; };
		289A8DD591B7CB44523D2E0F /* Pods-e-BanBaseUITests.debug.xcconfig */ = {isa = PBXFileReference; includeInIndex = 1; lastKnownFileType = text.xcconfig; name = "Pods-e-BanBaseUITests.debug.xcconfig"; path = "Pods/Target Support Files/Pods-e-BanBaseUITests/Pods-e-BanBaseUITests.debug.xcconfig"; sourceTree = "<group>"; };
		3E53AEF674011CCF838D054A /* Pods-e-BanBase.debug.xcconfig */ = {isa = PBXFileReference; includeInIndex = 1; lastKnownFileType = text.xcconfig; name = "Pods-e-BanBase.debug.xcconfig"; path = "Pods/Target Support Files/Pods-e-BanBase/Pods-e-BanBase.debug.xcconfig"; sourceTree = "<group>"; };
		51A63071C0621ED0E04577C6 /* Pods-e-BanBaseUITests.release.xcconfig */ = {isa = PBXFileReference; includeInIndex = 1; lastKnownFileType = text.xcconfig; name = "Pods-e-BanBaseUITests.release.xcconfig"; path = "Pods/Target Support Files/Pods-e-BanBaseUITests/Pods-e-BanBaseUITests.release.xcconfig"; sourceTree = "<group>"; };
		70FAEBD19695091A10638AC1 /* Pods-e-BanBaseTests.release.xcconfig */ = {isa = PBXFileReference; includeInIndex = 1; lastKnownFileType = text.xcconfig; name = "Pods-e-BanBaseTests.release.xcconfig"; path = "Pods/Target Support Files/Pods-e-BanBaseTests/Pods-e-BanBaseTests.release.xcconfig"; sourceTree = "<group>"; };
		981EDD0A7DCAD760CA237CE7 /* Pods-e-BanBase.release.xcconfig */ = {isa = PBXFileReference; includeInIndex = 1; lastKnownFileType = text.xcconfig; name = "Pods-e-BanBase.release.xcconfig"; path = "Pods/Target Support Files/Pods-e-BanBase/Pods-e-BanBase.release.xcconfig"; sourceTree = "<group>"; };
		C67F7CE0794903BA6BCF048E /* Pods_e_BanBase.framework */ = {isa = PBXFileReference; explicitFileType = wrapper.framework; includeInIndex = 0; path = Pods_e_BanBase.framework; sourceTree = BUILT_PRODUCTS_DIR; };
		CF91350099AF9FA5F77A469C /* Pods_e_BanBaseTests.framework */ = {isa = PBXFileReference; explicitFileType = wrapper.framework; includeInIndex = 0; path = Pods_e_BanBaseTests.framework; sourceTree = BUILT_PRODUCTS_DIR; };
		D3852A78FE120136CFE57CAB /* Pods_e_BanBaseUITests.framework */ = {isa = PBXFileReference; explicitFileType = wrapper.framework; includeInIndex = 0; path = Pods_e_BanBaseUITests.framework; sourceTree = BUILT_PRODUCTS_DIR; };
		FB98B824D838A7555FF4F7F7 /* Pods-e-BanBaseTests.debug.xcconfig */ = {isa = PBXFileReference; includeInIndex = 1; lastKnownFileType = text.xcconfig; name = "Pods-e-BanBaseTests.debug.xcconfig"; path = "Pods/Target Support Files/Pods-e-BanBaseTests/Pods-e-BanBaseTests.debug.xcconfig"; sourceTree = "<group>"; };
/* End PBXFileReference section */

/* Begin PBXFrameworksBuildPhase section */
		23FF610D1D1398F40082F425 /* Frameworks */ = {
			isa = PBXFrameworksBuildPhase;
			buildActionMask = 2147483647;
			files = (
				23FF61571D13C3060082F425 /* libz.tbd in Frameworks */,
				23FF61551D13C2FD0082F425 /* libstdc++.tbd in Frameworks */,
				23FF61531D13C2EA0082F425 /* CoreTelephony.framework in Frameworks */,
				23FF61511D13C2DE0082F425 /* libsqlite3.tbd in Frameworks */,
				23FF614F1D13C2D20082F425 /* CoreGraphics.framework in Frameworks */,
				23FF614D1D13C2C30082F425 /* libiconv.tbd in Frameworks */,
				23FF614B1D13C2AF0082F425 /* Security.framework in Frameworks */,
				23FF61491D13C25A0082F425 /* ImageIO.framework in Frameworks */,
				23FF61471D13C2460082F425 /* SystemConfiguration.framework in Frameworks */,
				91E5C08E00774FEFC96ABC66 /* Pods_e_BanBase.framework in Frameworks */,
			);
			runOnlyForDeploymentPostprocessing = 0;
		};
		23FF61261D1398F40082F425 /* Frameworks */ = {
			isa = PBXFrameworksBuildPhase;
			buildActionMask = 2147483647;
			files = (
				8DFC7F1ABE920F4BDAEE2AA5 /* Pods_e_BanBaseTests.framework in Frameworks */,
			);
			runOnlyForDeploymentPostprocessing = 0;
		};
		23FF61311D1398F40082F425 /* Frameworks */ = {
			isa = PBXFrameworksBuildPhase;
			buildActionMask = 2147483647;
			files = (
				3CEDFD4434C28B8394E5D36E /* Pods_e_BanBaseUITests.framework in Frameworks */,
			);
			runOnlyForDeploymentPostprocessing = 0;
		};
/* End PBXFrameworksBuildPhase section */

/* Begin PBXGroup section */
		23FF61071D1398F40082F425 = {
			isa = PBXGroup;
			children = (
				23FF61121D1398F40082F425 /* e-BanBase */,
				23FF612C1D1398F40082F425 /* e-BanBaseTests */,
				23FF61371D1398F40082F425 /* e-BanBaseUITests */,
				23FF61111D1398F40082F425 /* Products */,
				69CDD38F0B84E6DDB91776AD /* Pods */,
				E24B928C6811642BBD66E0DA /* Frameworks */,
			);
			sourceTree = "<group>";
		};
		23FF61111D1398F40082F425 /* Products */ = {
			isa = PBXGroup;
			children = (
				23FF61101D1398F40082F425 /* e-BanBase.app */,
				23FF61291D1398F40082F425 /* e-BanBaseTests.xctest */,
				23FF61341D1398F40082F425 /* e-BanBaseUITests.xctest */,
			);
			name = Products;
			sourceTree = "<group>";
		};
		23FF61121D1398F40082F425 /* e-BanBase */ = {
			isa = PBXGroup;
			children = (
				23FF61161D1398F40082F425 /* AppDelegate.h */,
				23FF61171D1398F40082F425 /* AppDelegate.m */,
				23FF615B1D13FAF90082F425 /* Header.h */,
				23FF61581D13FAD20082F425 /* CMLogInViewController.h */,
				23FF61591D13FAD20082F425 /* CMLogInViewController.m */,
				23FF611C1D1398F40082F425 /* Main.storyboard */,
				23FF611F1D1398F40082F425 /* Assets.xcassets */,
				23FF61211D1398F40082F425 /* LaunchScreen.storyboard */,
				23FF61241D1398F40082F425 /* Info.plist */,
				23FF61131D1398F40082F425 /* Supporting Files */,
			);
			path = "e-BanBase";
			sourceTree = "<group>";
		};
		23FF61131D1398F40082F425 /* Supporting Files */ = {
			isa = PBXGroup;
			children = (
				23FF61141D1398F40082F425 /* main.m */,
			);
			name = "Supporting Files";
			sourceTree = "<group>";
		};
		23FF612C1D1398F40082F425 /* e-BanBaseTests */ = {
			isa = PBXGroup;
			children = (
				23FF612D1D1398F40082F425 /* e_BanBaseTests.m */,
				23FF612F1D1398F40082F425 /* Info.plist */,
			);
			path = "e-BanBaseTests";
			sourceTree = "<group>";
		};
		23FF61371D1398F40082F425 /* e-BanBaseUITests */ = {
			isa = PBXGroup;
			children = (
				23FF61381D1398F40082F425 /* e_BanBaseUITests.m */,
				23FF613A1D1398F40082F425 /* Info.plist */,
			);
			path = "e-BanBaseUITests";
			sourceTree = "<group>";
		};
		69CDD38F0B84E6DDB91776AD /* Pods */ = {
			isa = PBXGroup;
			children = (
				3E53AEF674011CCF838D054A /* Pods-e-BanBase.debug.xcconfig */,
				981EDD0A7DCAD760CA237CE7 /* Pods-e-BanBase.release.xcconfig */,
				FB98B824D838A7555FF4F7F7 /* Pods-e-BanBaseTests.debug.xcconfig */,
				70FAEBD19695091A10638AC1 /* Pods-e-BanBaseTests.release.xcconfig */,
				289A8DD591B7CB44523D2E0F /* Pods-e-BanBaseUITests.debug.xcconfig */,
				51A63071C0621ED0E04577C6 /* Pods-e-BanBaseUITests.release.xcconfig */,
			);
			name = Pods;
			sourceTree = "<group>";
		};
		E24B928C6811642BBD66E0DA /* Frameworks */ = {
			isa = PBXGroup;
			children = (
				23FF61561D13C3060082F425 /* libz.tbd */,
				23FF61541D13C2FD0082F425 /* libstdc++.tbd */,
				23FF61521D13C2EA0082F425 /* CoreTelephony.framework */,
				23FF61501D13C2DE0082F425 /* libsqlite3.tbd */,
				23FF614E1D13C2D20082F425 /* CoreGraphics.framework */,
				23FF614C1D13C2C30082F425 /* libiconv.tbd */,
				23FF614A1D13C2AF0082F425 /* Security.framework */,
				23FF61481D13C25A0082F425 /* ImageIO.framework */,
				23FF61461D13C2460082F425 /* SystemConfiguration.framework */,
				C67F7CE0794903BA6BCF048E /* Pods_e_BanBase.framework */,
				CF91350099AF9FA5F77A469C /* Pods_e_BanBaseTests.framework */,
				D3852A78FE120136CFE57CAB /* Pods_e_BanBaseUITests.framework */,
			);
			name = Frameworks;
			sourceTree = "<group>";
		};
/* End PBXGroup section */

/* Begin PBXNativeTarget section */
		23FF610F1D1398F40082F425 /* e-BanBase */ = {
			isa = PBXNativeTarget;
			buildConfigurationList = 23FF613D1D1398F40082F425 /* Build configuration list for PBXNativeTarget "e-BanBase" */;
			buildPhases = (
				3EBFCC1F896C59799880446A /* 📦 Check Pods Manifest.lock */,
				23FF610C1D1398F40082F425 /* Sources */,
				23FF610D1D1398F40082F425 /* Frameworks */,
				23FF610E1D1398F40082F425 /* Resources */,
				9F04219D8519A961AEFEB8CF /* 📦 Embed Pods Frameworks */,
				C3550BDB77EEE8ED7E59E536 /* 📦 Copy Pods Resources */,
			);
			buildRules = (
			);
			dependencies = (
			);
			name = "e-BanBase";
			productName = "e-BanBase";
			productReference = 23FF61101D1398F40082F425 /* e-BanBase.app */;
			productType = "com.apple.product-type.application";
		};
		23FF61281D1398F40082F425 /* e-BanBaseTests */ = {
			isa = PBXNativeTarget;
			buildConfigurationList = 23FF61401D1398F40082F425 /* Build configuration list for PBXNativeTarget "e-BanBaseTests" */;
			buildPhases = (
				69B1619159BA2C37D5595F4E /* 📦 Check Pods Manifest.lock */,
				23FF61251D1398F40082F425 /* Sources */,
				23FF61261D1398F40082F425 /* Frameworks */,
				23FF61271D1398F40082F425 /* Resources */,
				CBEB9546ABF52846E30B3E5B /* 📦 Embed Pods Frameworks */,
				E897215AB6981A30DCC2A1F2 /* 📦 Copy Pods Resources */,
			);
			buildRules = (
			);
			dependencies = (
				23FF612B1D1398F40082F425 /* PBXTargetDependency */,
			);
			name = "e-BanBaseTests";
			productName = "e-BanBaseTests";
			productReference = 23FF61291D1398F40082F425 /* e-BanBaseTests.xctest */;
			productType = "com.apple.product-type.bundle.unit-test";
		};
		23FF61331D1398F40082F425 /* e-BanBaseUITests */ = {
			isa = PBXNativeTarget;
			buildConfigurationList = 23FF61431D1398F40082F425 /* Build configuration list for PBXNativeTarget "e-BanBaseUITests" */;
			buildPhases = (
				601BF597D9B8ED7D5724A771 /* 📦 Check Pods Manifest.lock */,
				23FF61301D1398F40082F425 /* Sources */,
				23FF61311D1398F40082F425 /* Frameworks */,
				23FF61321D1398F40082F425 /* Resources */,
				1DCB840354AB64CB8A1BD514 /* 📦 Copy Pods Resources */,
			);
			buildRules = (
			);
			dependencies = (
				23FF61361D1398F40082F425 /* PBXTargetDependency */,
			);
			name = "e-BanBaseUITests";
			productName = "e-BanBaseUITests";
			productReference = 23FF61341D1398F40082F425 /* e-BanBaseUITests.xctest */;
			productType = "com.apple.product-type.bundle.ui-testing";
		};
/* End PBXNativeTarget section */

/* Begin PBXProject section */
		23FF61081D1398F40082F425 /* Project object */ = {
			isa = PBXProject;
			attributes = {
				CLASSPREFIX = CM;
				LastUpgradeCheck = 0730;
				ORGANIZATIONNAME = CrabMan;
				TargetAttributes = {
					23FF610F1D1398F40082F425 = {
						CreatedOnToolsVersion = 7.3.1;
						DevelopmentTeam = 2NRHBB3CT7;
					};
					23FF61281D1398F40082F425 = {
						CreatedOnToolsVersion = 7.3.1;
						DevelopmentTeam = 2NRHBB3CT7;
						TestTargetID = 23FF610F1D1398F40082F425;
					};
					23FF61331D1398F40082F425 = {
						CreatedOnToolsVersion = 7.3.1;
						DevelopmentTeam = 2NRHBB3CT7;
						TestTargetID = 23FF610F1D1398F40082F425;
					};
				};
			};
			buildConfigurationList = 23FF610B1D1398F40082F425 /* Build configuration list for PBXProject "e-BanBase" */;
			compatibilityVersion = "Xcode 3.2";
			developmentRegion = English;
			hasScannedForEncodings = 0;
			knownRegions = (
				en,
				Base,
			);
			mainGroup = 23FF61071D1398F40082F425;
			productRefGroup = 23FF61111D1398F40082F425 /* Products */;
			projectDirPath = "";
			projectRoot = "";
			targets = (
				23FF610F1D1398F40082F425 /* e-BanBase */,
				23FF61281D1398F40082F425 /* e-BanBaseTests */,
				23FF61331D1398F40082F425 /* e-BanBaseUITests */,
			);
		};
/* End PBXProject section */

/* Begin PBXResourcesBuildPhase section */
		23FF610E1D1398F40082F425 /* Resources */ = {
			isa = PBXResourcesBuildPhase;
			buildActionMask = 2147483647;
			files = (
				23FF61231D1398F40082F425 /* LaunchScreen.storyboard in Resources */,
				23FF61201D1398F40082F425 /* Assets.xcassets in Resources */,
				23FF611E1D1398F40082F425 /* Main.storyboard in Resources */,
			);
			runOnlyForDeploymentPostprocessing = 0;
		};
		23FF61271D1398F40082F425 /* Resources */ = {
			isa = PBXResourcesBuildPhase;
			buildActionMask = 2147483647;
			files = (
			);
			runOnlyForDeploymentPostprocessing = 0;
		};
		23FF61321D1398F40082F425 /* Resources */ = {
			isa = PBXResourcesBuildPhase;
			buildActionMask = 2147483647;
			files = (
			);
			runOnlyForDeploymentPostprocessing = 0;
		};
/* End PBXResourcesBuildPhase section */

/* Begin PBXShellScriptBuildPhase section */
		1DCB840354AB64CB8A1BD514 /* 📦 Copy Pods Resources */ = {
			isa = PBXShellScriptBuildPhase;
			buildActionMask = 2147483647;
			files = (
			);
			inputPaths = (
			);
			name = "📦 Copy Pods Resources";
			outputPaths = (
			);
			runOnlyForDeploymentPostprocessing = 0;
			shellPath = /bin/sh;
			shellScript = "\"${SRCROOT}/Pods/Target Support Files/Pods-e-BanBaseUITests/Pods-e-BanBaseUITests-resources.sh\"\n";
			showEnvVarsInLog = 0;
		};
		3EBFCC1F896C59799880446A /* 📦 Check Pods Manifest.lock */ = {
			isa = PBXShellScriptBuildPhase;
			buildActionMask = 2147483647;
			files = (
			);
			inputPaths = (
			);
			name = "📦 Check Pods Manifest.lock";
			outputPaths = (
			);
			runOnlyForDeploymentPostprocessing = 0;
			shellPath = /bin/sh;
			shellScript = "diff \"${PODS_ROOT}/../Podfile.lock\" \"${PODS_ROOT}/Manifest.lock\" > /dev/null\nif [[ $? != 0 ]] ; then\n    cat << EOM\nerror: The sandbox is not in sync with the Podfile.lock. Run 'pod install' or update your CocoaPods installation.\nEOM\n    exit 1\nfi\n";
			showEnvVarsInLog = 0;
		};
		601BF597D9B8ED7D5724A771 /* 📦 Check Pods Manifest.lock */ = {
			isa = PBXShellScriptBuildPhase;
			buildActionMask = 2147483647;
			files = (
			);
			inputPaths = (
			);
			name = "📦 Check Pods Manifest.lock";
			outputPaths = (
			);
			runOnlyForDeploymentPostprocessing = 0;
			shellPath = /bin/sh;
			shellScript = "diff \"${PODS_ROOT}/../Podfile.lock\" \"${PODS_ROOT}/Manifest.lock\" > /dev/null\nif [[ $? != 0 ]] ; then\n    cat << EOM\nerror: The sandbox is not in sync with the Podfile.lock. Run 'pod install' or update your CocoaPods installation.\nEOM\n    exit 1\nfi\n";
			showEnvVarsInLog = 0;
		};
		69B1619159BA2C37D5595F4E /* 📦 Check Pods Manifest.lock */ = {
			isa = PBXShellScriptBuildPhase;
			buildActionMask = 2147483647;
			files = (
			);
			inputPaths = (
			);
			name = "📦 Check Pods Manifest.lock";
			outputPaths = (
			);
			runOnlyForDeploymentPostprocessing = 0;
			shellPath = /bin/sh;
			shellScript = "diff \"${PODS_ROOT}/../Podfile.lock\" \"${PODS_ROOT}/Manifest.lock\" > /dev/null\nif [[ $? != 0 ]] ; then\n    cat << EOM\nerror: The sandbox is not in sync with the Podfile.lock. Run 'pod install' or update your CocoaPods installation.\nEOM\n    exit 1\nfi\n";
			showEnvVarsInLog = 0;
		};
		9F04219D8519A961AEFEB8CF /* 📦 Embed Pods Frameworks */ = {
			isa = PBXShellScriptBuildPhase;
			buildActionMask = 2147483647;
			files = (
			);
			inputPaths = (
			);
			name = "📦 Embed Pods Frameworks";
			outputPaths = (
			);
			runOnlyForDeploymentPostprocessing = 0;
			shellPath = /bin/sh;
			shellScript = "\"${SRCROOT}/Pods/Target Support Files/Pods-e-BanBase/Pods-e-BanBase-frameworks.sh\"\n";
			showEnvVarsInLog = 0;
		};
		C3550BDB77EEE8ED7E59E536 /* 📦 Copy Pods Resources */ = {
			isa = PBXShellScriptBuildPhase;
			buildActionMask = 2147483647;
			files = (
			);
			inputPaths = (
			);
			name = "📦 Copy Pods Resources";
			outputPaths = (
			);
			runOnlyForDeploymentPostprocessing = 0;
			shellPath = /bin/sh;
			shellScript = "\"${SRCROOT}/Pods/Target Support Files/Pods-e-BanBase/Pods-e-BanBase-resources.sh\"\n";
			showEnvVarsInLog = 0;
		};
		CBEB9546ABF52846E30B3E5B /* 📦 Embed Pods Frameworks */ = {
			isa = PBXShellScriptBuildPhase;
			buildActionMask = 2147483647;
			files = (
			);
			inputPaths = (
			);
			name = "📦 Embed Pods Frameworks";
			outputPaths = (
			);
			runOnlyForDeploymentPostprocessing = 0;
			shellPath = /bin/sh;
			shellScript = "\"${SRCROOT}/Pods/Target Support Files/Pods-e-BanBaseTests/Pods-e-BanBaseTests-frameworks.sh\"\n";
			showEnvVarsInLog = 0;
		};
		E897215AB6981A30DCC2A1F2 /* 📦 Copy Pods Resources */ = {
			isa = PBXShellScriptBuildPhase;
			buildActionMask = 2147483647;
			files = (
			);
			inputPaths = (
			);
			name = "📦 Copy Pods Resources";
			outputPaths = (
			);
			runOnlyForDeploymentPostprocessing = 0;
			shellPath = /bin/sh;
			shellScript = "\"${SRCROOT}/Pods/Target Support Files/Pods-e-BanBaseTests/Pods-e-BanBaseTests-resources.sh\"\n";
			showEnvVarsInLog = 0;
		};
/* End PBXShellScriptBuildPhase section */

/* Begin PBXSourcesBuildPhase section */
		23FF610C1D1398F40082F425 /* Sources */ = {
			isa = PBXSourcesBuildPhase;
			buildActionMask = 2147483647;
			files = (
				23FF61181D1398F40082F425 /* AppDelegate.m in Sources */,
				23FF61151D1398F40082F425 /* main.m in Sources */,
				23FF615A1D13FAD20082F425 /* CMLogInViewController.m in Sources */,
			);
			runOnlyForDeploymentPostprocessing = 0;
		};
		23FF61251D1398F40082F425 /* Sources */ = {
			isa = PBXSourcesBuildPhase;
			buildActionMask = 2147483647;
			files = (
				23FF612E1D1398F40082F425 /* e_BanBaseTests.m in Sources */,
			);
			runOnlyForDeploymentPostprocessing = 0;
		};
		23FF61301D1398F40082F425 /* Sources */ = {
			isa = PBXSourcesBuildPhase;
			buildActionMask = 2147483647;
			files = (
				23FF61391D1398F40082F425 /* e_BanBaseUITests.m in Sources */,
			);
			runOnlyForDeploymentPostprocessing = 0;
		};
/* End PBXSourcesBuildPhase section */

/* Begin PBXTargetDependency section */
		23FF612B1D1398F40082F425 /* PBXTargetDependency */ = {
			isa = PBXTargetDependency;
			target = 23FF610F1D1398F40082F425 /* e-BanBase */;
			targetProxy = 23FF612A1D1398F40082F425 /* PBXContainerItemProxy */;
		};
		23FF61361D1398F40082F425 /* PBXTargetDependency */ = {
			isa = PBXTargetDependency;
			target = 23FF610F1D1398F40082F425 /* e-BanBase */;
			targetProxy = 23FF61351D1398F40082F425 /* PBXContainerItemProxy */;
		};
/* End PBXTargetDependency section */

/* Begin PBXVariantGroup section */
		23FF611C1D1398F40082F425 /* Main.storyboard */ = {
			isa = PBXVariantGroup;
			children = (
				23FF611D1D1398F40082F425 /* Base */,
			);
			name = Main.storyboard;
			sourceTree = "<group>";
		};
		23FF61211D1398F40082F425 /* LaunchScreen.storyboard */ = {
			isa = PBXVariantGroup;
			children = (
				23FF61221D1398F40082F425 /* Base */,
			);
			name = LaunchScreen.storyboard;
			sourceTree = "<group>";
		};
/* End PBXVariantGroup section */

/* Begin XCBuildConfiguration section */
		23FF613B1D1398F40082F425 /* Debug */ = {
			isa = XCBuildConfiguration;
			buildSettings = {
				ALWAYS_SEARCH_USER_PATHS = NO;
				CLANG_ANALYZER_NONNULL = YES;
				CLANG_CXX_LANGUAGE_STANDARD = "gnu++0x";
				CLANG_CXX_LIBRARY = "libc++";
				CLANG_ENABLE_MODULES = YES;
				CLANG_ENABLE_OBJC_ARC = YES;
				CLANG_WARN_BOOL_CONVERSION = YES;
				CLANG_WARN_CONSTANT_CONVERSION = YES;
				CLANG_WARN_DIRECT_OBJC_ISA_USAGE = YES_ERROR;
				CLANG_WARN_EMPTY_BODY = YES;
				CLANG_WARN_ENUM_CONVERSION = YES;
				CLANG_WARN_INT_CONVERSION = YES;
				CLANG_WARN_OBJC_ROOT_CLASS = YES_ERROR;
				CLANG_WARN_UNREACHABLE_CODE = YES;
				CLANG_WARN__DUPLICATE_METHOD_MATCH = YES;
				"CODE_SIGN_IDENTITY[sdk=iphoneos*]" = "iPhone Developer";
				COPY_PHASE_STRIP = NO;
				DEBUG_INFORMATION_FORMAT = dwarf;
				ENABLE_STRICT_OBJC_MSGSEND = YES;
				ENABLE_TESTABILITY = YES;
				GCC_C_LANGUAGE_STANDARD = gnu99;
				GCC_DYNAMIC_NO_PIC = NO;
				GCC_NO_COMMON_BLOCKS = YES;
				GCC_OPTIMIZATION_LEVEL = 0;
				GCC_PREPROCESSOR_DEFINITIONS = (
					"DEBUG=1",
					"$(inherited)",
				);
				GCC_WARN_64_TO_32_BIT_CONVERSION = YES;
				GCC_WARN_ABOUT_RETURN_TYPE = YES_ERROR;
				GCC_WARN_UNDECLARED_SELECTOR = YES;
				GCC_WARN_UNINITIALIZED_AUTOS = YES_AGGRESSIVE;
				GCC_WARN_UNUSED_FUNCTION = YES;
				GCC_WARN_UNUSED_VARIABLE = YES;
				IPHONEOS_DEPLOYMENT_TARGET = 9.3;
				MTL_ENABLE_DEBUG_INFO = YES;
				ONLY_ACTIVE_ARCH = YES;
				SDKROOT = iphoneos;
				TARGETED_DEVICE_FAMILY = "1,2";
			};
			name = Debug;
		};
		23FF613C1D1398F40082F425 /* Release */ = {
			isa = XCBuildConfiguration;
			buildSettings = {
				ALWAYS_SEARCH_USER_PATHS = NO;
				CLANG_ANALYZER_NONNULL = YES;
				CLANG_CXX_LANGUAGE_STANDARD = "gnu++0x";
				CLANG_CXX_LIBRARY = "libc++";
				CLANG_ENABLE_MODULES = YES;
				CLANG_ENABLE_OBJC_ARC = YES;
				CLANG_WARN_BOOL_CONVERSION = YES;
				CLANG_WARN_CONSTANT_CONVERSION = YES;
				CLANG_WARN_DIRECT_OBJC_ISA_USAGE = YES_ERROR;
				CLANG_WARN_EMPTY_BODY = YES;
				CLANG_WARN_ENUM_CONVERSION = YES;
				CLANG_WARN_INT_CONVERSION = YES;
				CLANG_WARN_OBJC_ROOT_CLASS = YES_ERROR;
				CLANG_WARN_UNREACHABLE_CODE = YES;
				CLANG_WARN__DUPLICATE_METHOD_MATCH = YES;
				"CODE_SIGN_IDENTITY[sdk=iphoneos*]" = "iPhone Developer";
				COPY_PHASE_STRIP = NO;
				DEBUG_INFORMATION_FORMAT = "dwarf-with-dsym";
				ENABLE_NS_ASSERTIONS = NO;
				ENABLE_STRICT_OBJC_MSGSEND = YES;
				GCC_C_LANGUAGE_STANDARD = gnu99;
				GCC_NO_COMMON_BLOCKS = YES;
				GCC_WARN_64_TO_32_BIT_CONVERSION = YES;
				GCC_WARN_ABOUT_RETURN_TYPE = YES_ERROR;
				GCC_WARN_UNDECLARED_SELECTOR = YES;
				GCC_WARN_UNINITIALIZED_AUTOS = YES_AGGRESSIVE;
				GCC_WARN_UNUSED_FUNCTION = YES;
				GCC_WARN_UNUSED_VARIABLE = YES;
				IPHONEOS_DEPLOYMENT_TARGET = 9.3;
				MTL_ENABLE_DEBUG_INFO = NO;
				SDKROOT = iphoneos;
				TARGETED_DEVICE_FAMILY = "1,2";
				VALIDATE_PRODUCT = YES;
			};
			name = Release;
		};
		23FF613E1D1398F40082F425 /* Debug */ = {
			isa = XCBuildConfiguration;
			baseConfigurationReference = 3E53AEF674011CCF838D054A /* Pods-e-BanBase.debug.xcconfig */;
			buildSettings = {
				ASSETCATALOG_COMPILER_APPICON_NAME = AppIcon;
				INFOPLIST_FILE = "e-BanBase/Info.plist";
				LD_RUNPATH_SEARCH_PATHS = "$(inherited) @executable_path/Frameworks";
				OTHER_LDFLAGS = (
					"$(inherited)",
					"-l\"APOpenSdk\"",
					"-l\"LWApiSDK\"",
					"-l\"SocialAlipayShare\"",
					"-l\"SocialFacebook\"",
					"-l\"SocialInstagram\"",
					"-l\"SocialLaiWang\"",
					"-l\"SocialLine\"",
					"-l\"SocialQQ\"",
					"-l\"SocialSinaSSO\"",
					"-l\"SocialTumblr\"",
					"-l\"SocialTwitter\"",
					"-l\"SocialWechat\"",
					"-l\"SocialWhatsapp\"",
					"-l\"UMSocial_Sdk_5.2.1\"",
					"-l\"UMSocial_Sdk_Comment_5.2.1\"",
					"-l\"WeChatSDK\"",
					"-l\"WeiboSDK\"",
					"-l\"iconv\"",
					"-l\"sqlite3\"",
					"-l\"stdc++\"",
					"-l\"z\"",
					"-framework",
					"\"AFNetworking\"",
					"-framework",
					"\"Accounts\"",
					"-framework",
					"\"CoreData\"",
					"-framework",
					"\"CoreGraphics\"",
					"-framework",
					"\"CoreTelephony\"",
					"-framework",
					"\"FBSDKCoreKit\"",
					"-framework",
					"\"FBSDKLoginKit\"",
					"-framework",
					"\"FBSDKShareKit\"",
					"-framework",
					"\"Fabric\"",
					"-framework",
					"\"ImageIO\"",
					"-framework",
					"\"MJRefresh\"",
					"-framework",
					"\"MobileCoreServices\"",
					"-framework",
					"\"PNChart\"",
					"-framework",
					"\"SDWebImage\"",
					"-framework",
					"\"Social\"",
					"-framework",
					"\"SystemConfiguration\"",
					"-framework",
					"\"TencentOpenAPI\"",
					"-framework",
					"\"TwitterCore\"",
					"-framework",
					"\"TwitterKit\"",
					"-framework",
					"\"UICountingLabel\"",
					"-Objc",
				);
				PRODUCT_BUNDLE_IDENTIFIER = "CrabMan.e-BanBase";
				PRODUCT_NAME = "$(TARGET_NAME)";
			};
			name = Debug;
		};
		23FF613F1D1398F40082F425 /* Release */ = {
			isa = XCBuildConfiguration;
			baseConfigurationReference = 981EDD0A7DCAD760CA237CE7 /* Pods-e-BanBase.release.xcconfig */;
			buildSettings = {
				ASSETCATALOG_COMPILER_APPICON_NAME = AppIcon;
				INFOPLIST_FILE = "e-BanBase/Info.plist";
				LD_RUNPATH_SEARCH_PATHS = "$(inherited) @executable_path/Frameworks";
				OTHER_LDFLAGS = (
					"$(inherited)",
					"-l\"APOpenSdk\"",
					"-l\"LWApiSDK\"",
					"-l\"SocialAlipayShare\"",
					"-l\"SocialFacebook\"",
					"-l\"SocialInstagram\"",
					"-l\"SocialLaiWang\"",
					"-l\"SocialLine\"",
					"-l\"SocialQQ\"",
					"-l\"SocialSinaSSO\"",
					"-l\"SocialTumblr\"",
					"-l\"SocialTwitter\"",
					"-l\"SocialWechat\"",
					"-l\"SocialWhatsapp\"",
					"-l\"UMSocial_Sdk_5.2.1\"",
					"-l\"UMSocial_Sdk_Comment_5.2.1\"",
					"-l\"WeChatSDK\"",
					"-l\"WeiboSDK\"",
					"-l\"iconv\"",
					"-l\"sqlite3\"",
					"-l\"stdc++\"",
					"-l\"z\"",
					"-framework",
					"\"AFNetworking\"",
					"-framework",
					"\"Accounts\"",
					"-framework",
					"\"CoreData\"",
					"-framework",
					"\"CoreGraphics\"",
					"-framework",
					"\"CoreTelephony\"",
					"-framework",
					"\"FBSDKCoreKit\"",
					"-framework",
					"\"FBSDKLoginKit\"",
					"-framework",
					"\"FBSDKShareKit\"",
					"-framework",
					"\"Fabric\"",
					"-framework",
					"\"ImageIO\"",
					"-framework",
					"\"MJRefresh\"",
					"-framework",
					"\"MobileCoreServices\"",
					"-framework",
					"\"PNChart\"",
					"-framework",
					"\"SDWebImage\"",
					"-framework",
					"\"Social\"",
					"-framework",
					"\"SystemConfiguration\"",
					"-framework",
					"\"TencentOpenAPI\"",
					"-framework",
					"\"TwitterCore\"",
					"-framework",
					"\"TwitterKit\"",
					"-framework",
					"\"UICountingLabel\"",
					"-Objc",
				);
				PRODUCT_BUNDLE_IDENTIFIER = "CrabMan.e-BanBase";
				PRODUCT_NAME = "$(TARGET_NAME)";
			};
			name = Release;
		};
		23FF61411D1398F40082F425 /* Debug */ = {
			isa = XCBuildConfiguration;
			baseConfigurationReference = FB98B824D838A7555FF4F7F7 /* Pods-e-BanBaseTests.debug.xcconfig */;
			buildSettings = {
				BUNDLE_LOADER = "$(TEST_HOST)";
				INFOPLIST_FILE = "e-BanBaseTests/Info.plist";
				LD_RUNPATH_SEARCH_PATHS = "$(inherited) @executable_path/Frameworks @loader_path/Frameworks";
				PRODUCT_BUNDLE_IDENTIFIER = "CrabMan.e-BanBaseTests";
				PRODUCT_NAME = "$(TARGET_NAME)";
				TEST_HOST = "$(BUILT_PRODUCTS_DIR)/e-BanBase.app/e-BanBase";
			};
			name = Debug;
		};
		23FF61421D1398F40082F425 /* Release */ = {
			isa = XCBuildConfiguration;
			baseConfigurationReference = 70FAEBD19695091A10638AC1 /* Pods-e-BanBaseTests.release.xcconfig */;
			buildSettings = {
				BUNDLE_LOADER = "$(TEST_HOST)";
				INFOPLIST_FILE = "e-BanBaseTests/Info.plist";
				LD_RUNPATH_SEARCH_PATHS = "$(inherited) @executable_path/Frameworks @loader_path/Frameworks";
				PRODUCT_BUNDLE_IDENTIFIER = "CrabMan.e-BanBaseTests";
				PRODUCT_NAME = "$(TARGET_NAME)";
				TEST_HOST = "$(BUILT_PRODUCTS_DIR)/e-BanBase.app/e-BanBase";
			};
			name = Release;
		};
		23FF61441D1398F40082F425 /* Debug */ = {
			isa = XCBuildConfiguration;
			baseConfigurationReference = 289A8DD591B7CB44523D2E0F /* Pods-e-BanBaseUITests.debug.xcconfig */;
			buildSettings = {
				INFOPLIST_FILE = "e-BanBaseUITests/Info.plist";
				LD_RUNPATH_SEARCH_PATHS = "$(inherited) @executable_path/Frameworks @loader_path/Frameworks";
				PRODUCT_BUNDLE_IDENTIFIER = "CrabMan.e-BanBaseUITests";
				PRODUCT_NAME = "$(TARGET_NAME)";
				TEST_TARGET_NAME = "e-BanBase";
			};
			name = Debug;
		};
		23FF61451D1398F40082F425 /* Release */ = {
			isa = XCBuildConfiguration;
			baseConfigurationReference = 51A63071C0621ED0E04577C6 /* Pods-e-BanBaseUITests.release.xcconfig */;
			buildSettings = {
				INFOPLIST_FILE = "e-BanBaseUITests/Info.plist";
				LD_RUNPATH_SEARCH_PATHS = "$(inherited) @executable_path/Frameworks @loader_path/Frameworks";
				PRODUCT_BUNDLE_IDENTIFIER = "CrabMan.e-BanBaseUITests";
				PRODUCT_NAME = "$(TARGET_NAME)";
				TEST_TARGET_NAME = "e-BanBase";
			};
			name = Release;
		};
/* End XCBuildConfiguration section */

/* Begin XCConfigurationList section */
		23FF610B1D1398F40082F425 /* Build configuration list for PBXProject "e-BanBase" */ = {
			isa = XCConfigurationList;
			buildConfigurations = (
				23FF613B1D1398F40082F425 /* Debug */,
				23FF613C1D1398F40082F425 /* Release */,
			);
			defaultConfigurationIsVisible = 0;
			defaultConfigurationName = Release;
		};
		23FF613D1D1398F40082F425 /* Build configuration list for PBXNativeTarget "e-BanBase" */ = {
			isa = XCConfigurationList;
			buildConfigurations = (
				23FF613E1D1398F40082F425 /* Debug */,
				23FF613F1D1398F40082F425 /* Release */,
			);
			defaultConfigurationIsVisible = 0;
			defaultConfigurationName = Release;
		};
		23FF61401D1398F40082F425 /* Build configuration list for PBXNativeTarget "e-BanBaseTests" */ = {
			isa = XCConfigurationList;
			buildConfigurations = (
				23FF61411D1398F40082F425 /* Debug */,
				23FF61421D1398F40082F425 /* Release */,
			);
			defaultConfigurationIsVisible = 0;
			defaultConfigurationName = Release;
		};
		23FF61431D1398F40082F425 /* Build configuration list for PBXNativeTarget "e-BanBaseUITests" */ = {
			isa = XCConfigurationList;
			buildConfigurations = (
				23FF61441D1398F40082F425 /* Debug */,
				23FF61451D1398F40082F425 /* Release */,
			);
			defaultConfigurationIsVisible = 0;
			defaultConfigurationName = Release;
		};
/* End XCConfigurationList section */
	};
	rootObject = 23FF61081D1398F40082F425 /* Project object */;
}
